
Microsoft Visual Studio Solution File, Format Version 12.00
# Visual Studio Version 16
VisualStudioVersion = 16.0.36324.18
MinimumVisualStudioVersion = 10.0.40219.1
Project("{F184B08F-C81C-45F6-A57F-5ABD9991F28F}") = "CS-ELEC 1 SYSTEM", "CS-ELEC 1 SYSTEM\CS-ELEC 1 SYSTEM.vbproj", "{7971A463-D8F2-422F-B42E-ED59C85E2B37}"
EndProject
Global
	GlobalSection(SolutionConfigurationPlatforms) = preSolution
		Debug|Any CPU = Debug|Any CPU
		Release|Any CPU = Release|Any CPU
	EndGlobalSection
	GlobalSection(ProjectConfigurationPlatforms) = postSolution
		{7971A463-D8F2-422F-B42E-ED59C85E2B37}.Debug|Any CPU.ActiveCfg = Debug|Any CPU
		{7971A463-D8F2-422F-B42E-ED59C85E2B37}.Debug|Any CPU.Build.0 = Debug|Any CPU
		{7971A463-D8F2-422F-B42E-ED59C85E2B37}.Release|Any CPU.ActiveCfg = Release|Any CPU
		{7971A463-D8F2-422F-B42E-ED59C85E2B37}.Release|Any CPU.Build.0 = Release|Any CPU
	EndGlobalSection
	GlobalSection(SolutionProperties) = preSolution
		HideSolutionNode = FALSE
	EndGlobalSection
	GlobalSection(ExtensibilityGlobals) = postSolution
		SolutionGuid = {F62C1A7D-EE6E-4CEA-9FBF-FE3CCA613DF9}
	EndGlobalSection
EndGlobal
